
Microsoft Visual Studio Solution File, Format Version 12.00
# Visual Studio Version 17
VisualStudioVersion = 17.0.31903.59
MinimumVisualStudioVersion = 10.0.40219.1
Project("{2150E333-8FDC-42A3-9474-1A3956D46DE8}") = "src", "src", "{FCED25CE-6B4C-430A-8AAE-574269831B55}"
EndProject
Project("{FAE04EC0-301F-11D3-BF4B-00C04F79EFBC}") = "Flipit.App", "src\Flipit.App\Flipit.App.csproj", "{2940C5CB-2AB6-4055-A3C3-4D6112369CAE}"
EndProject
Global
	GlobalSection(SolutionConfigurationPlatforms) = preSolution
		Debug|Any CPU = Debug|Any CPU
		Release|Any CPU = Release|Any CPU
	EndGlobalSection
	GlobalSection(SolutionProperties) = preSolution
		HideSolutionNode = FALSE
	EndGlobalSection
	GlobalSection(ProjectConfigurationPlatforms) = postSolution
		{2940C5CB-2AB6-4055-A3C3-4D6112369CAE}.Debug|Any CPU.ActiveCfg = Debug|Any CPU
		{2940C5CB-2AB6-4055-A3C3-4D6112369CAE}.Debug|Any CPU.Build.0 = Debug|Any CPU
		{2940C5CB-2AB6-4055-A3C3-4D6112369CAE}.Release|Any CPU.ActiveCfg = Release|Any CPU
		{2940C5CB-2AB6-4055-A3C3-4D6112369CAE}.Release|Any CPU.Build.0 = Release|Any CPU
	EndGlobalSection
	GlobalSection(NestedProjects) = preSolution
		{2940C5CB-2AB6-4055-A3C3-4D6112369CAE} = {FCED25CE-6B4C-430A-8AAE-574269831B55}
	EndGlobalSection
EndGlobal
